
Microsoft Visual Studio Solution File, Format Version 12.00
# Visual Studio Version 16
VisualStudioVersion = 16.0.32413.511
MinimumVisualStudioVersion = 10.0.40219.1
Project("{FAE04EC0-301F-11D3-BF4B-00C04F79EFBC}") = "online store", "online store.csproj", "{6B0ADD75-74CD-4EB6-B42A-BF1FEC379848}"
EndProject
Global
	GlobalSection(SolutionConfigurationPlatforms) = preSolution
		Debug|Any CPU = Debug|Any CPU
		Release|Any CPU = Release|Any CPU
	EndGlobalSection
	GlobalSection(ProjectConfigurationPlatforms) = postSolution
		{6B0ADD75-74CD-4EB6-B42A-BF1FEC379848}.Debug|Any CPU.ActiveCfg = Debug|Any CPU
		{6B0ADD75-74CD-4EB6-B42A-BF1FEC379848}.Debug|Any CPU.Build.0 = Debug|Any CPU
		{6B0ADD75-74CD-4EB6-B42A-BF1FEC379848}.Release|Any CPU.ActiveCfg = Release|Any CPU
		{6B0ADD75-74CD-4EB6-B42A-BF1FEC379848}.Release|Any CPU.Build.0 = Release|Any CPU
	EndGlobalSection
	GlobalSection(SolutionProperties) = preSolution
		HideSolutionNode = FALSE
	EndGlobalSection
	GlobalSection(ExtensibilityGlobals) = postSolution
		SolutionGuid = {A77C2BE8-F5E9-4FD7-9503-2831804DE575}
	EndGlobalSection
EndGlobal
